
Microsoft Visual Studio Solution File, Format Version 12.00
# Visual Studio Version 17
VisualStudioVersion = 17.6.33829.357
MinimumVisualStudioVersion = 10.0.40219.1
Project("{8BC9CEB8-8B4A-11D0-8D11-00A0C91BC942}") = "ch19_FUNC_POINTER", "ch19_FUNC_POINTER\ch19_FUNC_POINTER.vcxproj", "{47515F7D-F48A-44E6-8D73-2BFFEE96378D}"
EndProject
Global
	GlobalSection(SolutionConfigurationPlatforms) = preSolution
		Debug|x64 = Debug|x64
		Debug|x86 = Debug|x86
		Release|x64 = Release|x64
		Release|x86 = Release|x86
	EndGlobalSection
	GlobalSection(ProjectConfigurationPlatforms) = postSolution
		{47515F7D-F48A-44E6-8D73-2BFFEE96378D}.Debug|x64.ActiveCfg = Debug|x64
		{47515F7D-F48A-44E6-8D73-2BFFEE96378D}.Debug|x64.Build.0 = Debug|x64
		{47515F7D-F48A-44E6-8D73-2BFFEE96378D}.Debug|x86.ActiveCfg = Debug|Win32
		{47515F7D-F48A-44E6-8D73-2BFFEE96378D}.Debug|x86.Build.0 = Debug|Win32
		{47515F7D-F48A-44E6-8D73-2BFFEE96378D}.Release|x64.ActiveCfg = Release|x64
		{47515F7D-F48A-44E6-8D73-2BFFEE96378D}.Release|x64.Build.0 = Release|x64
		{47515F7D-F48A-44E6-8D73-2BFFEE96378D}.Release|x86.ActiveCfg = Release|Win32
		{47515F7D-F48A-44E6-8D73-2BFFEE96378D}.Release|x86.Build.0 = Release|Win32
	EndGlobalSection
	GlobalSection(SolutionProperties) = preSolution
		HideSolutionNode = FALSE
	EndGlobalSection
	GlobalSection(ExtensibilityGlobals) = postSolution
		SolutionGuid = {D18B6DE8-EB74-46A9-8B97-CF9CB99590B1}
	EndGlobalSection
EndGlobal
